# THIS IS AN AUTOGENERATED FILE. DO NOT EDIT THIS FILE DIRECTLY.
# yarn lockfile v1


"@types/jsonfile@^4.0.1":
  "integrity" "sha512-XlVk21nYr7/EnG3q3RUo8OTsSTBGcGo0Ts6//pJzGORwv2SxP2CLsvPdIXBYwF9ajFnW/gIGA2nhAJgGHh3vNQ=="
  "resolved" "https://registry.npmjs.org/@types/jsonfile/-/jsonfile-4.0.1.tgz"
  "version" "4.0.1"
  dependencies:
    "@types/node" "*"

"@types/meow@^5.0.0":
  "integrity" "sha512-csdM22P8TFF5KwuHseifUBOzWiGtiLfYmQosrKPGpA/xdK3o3PNo3+4YOpiJ5BQBshwO2kuhdJ7NoAitQ6m/jg=="
  "resolved" "https://registry.npmjs.org/@types/meow/-/meow-5.0.0.tgz"
  "version" "5.0.0"
  dependencies:
    "@types/minimist-options" "*"

"@types/minimist-options@*":
  "integrity" "sha512-FYeTlkAANOr9KR0mQL7X+v7MT7Nb/aWdNNHNKzJ8sPctpS2Ei8ucgMbvQRbLRjaYZH2OVN5AGDGGcHV5x8lSgQ=="
  "resolved" "https://registry.npmjs.org/@types/minimist-options/-/minimist-options-3.0.0.tgz"
  "version" "3.0.0"
  dependencies:
    "@types/minimist" "*"

"@types/minimist@*":
  "integrity" "sha1-aaI6OtKcrwCX8G7aWbNh7i8GOfY="
  "resolved" "http://registry.npmjs.org/@types/minimist/-/minimist-1.2.0.tgz"
  "version" "1.2.0"

"@types/node@*":
  "integrity" "sha512-c3OkjgNpSMdHan56WhklP0FMOk5ocilKz2Mpa0NOGzu8jw5YERjCf9FG0epYB1+TxScv/oI4uJ204u2mUg7Hcw=="
  "resolved" "https://registry.npmjs.org/@types/node/-/node-9.6.39.tgz"
  "version" "9.6.39"

"array-find-index@^1.0.1":
  "integrity" "sha1-3wEKoSh+Fku9pvlyOwqWoexBh6E="
  "resolved" "https://registry.npmjs.org/array-find-index/-/array-find-index-1.0.2.tgz"
  "version" "1.0.2"

"arrify@^1.0.0", "arrify@^1.0.1":
  "integrity" "sha1-iYUI2iIm84DfkEcoRWhJwVAaSw0="
  "resolved" "https://registry.npmjs.org/arrify/-/arrify-1.0.1.tgz"
  "version" "1.0.1"

"aws-sdk@^2.356.0":
  "integrity" "sha512-s/VjKcmvF1Dh4G3eFI7BEiNaqNs38TqdpxInAK/89AyTpbuEeo1e0ErDUn6+EqdwePhbC6AuLtFTOUv/PlSJ+A=="
  "resolved" "https://registry.npmjs.org/aws-sdk/-/aws-sdk-2.356.0.tgz"
  "version" "2.356.0"
  dependencies:
    "buffer" "4.9.1"
    "events" "1.1.1"
    "ieee754" "1.1.8"
    "jmespath" "0.15.0"
    "querystring" "0.2.0"
    "sax" "1.2.1"
    "url" "0.10.3"
    "uuid" "3.1.0"
    "xml2js" "0.4.19"

"base64-js@^1.0.2":
  "integrity" "sha512-ccav/yGvoa80BQDljCxsmmQ3Xvx60/UpBIij5QN21W3wBi/hhIC9OoO+KLpu9IJTS9j4DRVJ3aDDF9cMSoa2lw=="
  "resolved" "https://registry.npmjs.org/base64-js/-/base64-js-1.3.0.tgz"
  "version" "1.3.0"

"buffer-from@^1.0.0", "buffer-from@^1.1.0":
  "integrity" "sha512-MQcXEUbCKtEo7bhqEs6560Hyd4XaovZlO/k9V3hjVUF/zwW7KBVdSK4gIt/bzwS9MbR5qob+F5jusZsb0YQK2A=="
  "resolved" "https://registry.npmjs.org/buffer-from/-/buffer-from-1.1.1.tgz"
  "version" "1.1.1"

"buffer@4.9.1":
  "integrity" "sha1-bRu2AbB6TvztlwlBMgkwJ8lbwpg="
  "resolved" "http://registry.npmjs.org/buffer/-/buffer-4.9.1.tgz"
  "version" "4.9.1"
  dependencies:
    "base64-js" "^1.0.2"
    "ieee754" "^1.1.4"
    "isarray" "^1.0.0"

"builtin-modules@^1.0.0":
  "integrity" "sha1-Jw8HbFpywC9bZaR9+Uxf46J4iS8="
  "resolved" "https://registry.npmjs.org/builtin-modules/-/builtin-modules-1.1.1.tgz"
  "version" "1.1.1"

"camelcase-keys@^4.0.0":
  "integrity" "sha1-oqpfsa9oh1glnDLBQUJteJI7m3c="
  "resolved" "https://registry.npmjs.org/camelcase-keys/-/camelcase-keys-4.2.0.tgz"
  "version" "4.2.0"
  dependencies:
    "camelcase" "^4.1.0"
    "map-obj" "^2.0.0"
    "quick-lru" "^1.0.0"

"camelcase@^4.1.0":
  "integrity" "sha1-1UVjW+HjPFQmScaRc+Xeas+uNN0="
  "resolved" "https://registry.npmjs.org/camelcase/-/camelcase-4.1.0.tgz"
  "version" "4.1.0"

"currently-unhandled@^0.4.1":
  "integrity" "sha1-mI3zP+qxke95mmE2nddsF635V+o="
  "resolved" "https://registry.npmjs.org/currently-unhandled/-/currently-unhandled-0.4.1.tgz"
  "version" "0.4.1"
  dependencies:
    "array-find-index" "^1.0.1"

"decamelize-keys@^1.0.0":
  "integrity" "sha1-0XGoeTMlKAfrPLYdwcFEXQeN8tk="
  "resolved" "https://registry.npmjs.org/decamelize-keys/-/decamelize-keys-1.1.0.tgz"
  "version" "1.1.0"
  dependencies:
    "decamelize" "^1.1.0"
    "map-obj" "^1.0.0"

"decamelize@^1.1.0":
  "integrity" "sha1-9lNNFRSCabIDUue+4m9QH5oZEpA="
  "resolved" "https://registry.npmjs.org/decamelize/-/decamelize-1.2.0.tgz"
  "version" "1.2.0"

"diff@^3.1.0":
  "integrity" "sha512-A46qtFgd+g7pDZinpnwiRJtxbC1hpgf0uzP3iG89scHk0AUC7A1TGxf5OiiOUv/JMZR8GOt8hL900hV0bOy5xA=="
  "resolved" "https://registry.npmjs.org/diff/-/diff-3.5.0.tgz"
  "version" "3.5.0"

"error-ex@^1.3.1":
  "integrity" "sha512-7dFHNmqeFSEt2ZBsCriorKnn3Z2pj+fd9kmI6QoWw4//DL+icEBfc0U7qJCisqrTsKTjw4fNFy2pW9OqStD84g=="
  "resolved" "https://registry.npmjs.org/error-ex/-/error-ex-1.3.2.tgz"
  "version" "1.3.2"
  dependencies:
    "is-arrayish" "^0.2.1"

"events@1.1.1":
  "integrity" "sha1-nr23Y1rQmccNzEwqH1AEKI6L2SQ="
  "resolved" "http://registry.npmjs.org/events/-/events-1.1.1.tgz"
  "version" "1.1.1"

"find-up@^2.0.0":
  "integrity" "sha1-RdG35QbHF93UgndaK3eSCjwMV6c="
  "resolved" "https://registry.npmjs.org/find-up/-/find-up-2.1.0.tgz"
  "version" "2.1.0"
  dependencies:
    "locate-path" "^2.0.0"

"graceful-fs@^4.1.2", "graceful-fs@^4.1.6":
  "integrity" "sha512-6uHUhOPEBgQ24HM+r6b/QwWfZq+yiFcipKFrOFiBEnWdy5sdzYoi+pJeQaPI5qOLRFqWmAXUPQNsielzdLoecA=="
  "resolved" "https://registry.npmjs.org/graceful-fs/-/graceful-fs-4.1.15.tgz"
  "version" "4.1.15"

"hosted-git-info@^2.1.4":
  "integrity" "sha512-7T/BxH19zbcCTa8XkMlbK5lTo1WtgkFi3GvdWEyNuc4Vex7/9Dqbnpsf4JMydcfj9HCg4zUWFTL3Za6lapg5/w=="
  "resolved" "https://registry.npmjs.org/hosted-git-info/-/hosted-git-info-2.7.1.tgz"
  "version" "2.7.1"

"ieee754@^1.1.4", "ieee754@1.1.8":
  "integrity" "sha1-vjPUCsEO8ZJnAfbwii2G+/0a0+Q="
  "resolved" "https://registry.npmjs.org/ieee754/-/ieee754-1.1.8.tgz"
  "version" "1.1.8"

"indent-string@^3.0.0":
  "integrity" "sha1-Sl/W0nzDMvN+VBmlBNu4NxBckok="
  "resolved" "https://registry.npmjs.org/indent-string/-/indent-string-3.2.0.tgz"
  "version" "3.2.0"

"is-arrayish@^0.2.1":
  "integrity" "sha1-d8mYQFJ6qOyxqLppe4BkWnqSap0="
  "resolved" "https://registry.npmjs.org/is-arrayish/-/is-arrayish-0.2.1.tgz"
  "version" "0.2.1"

"is-builtin-module@^1.0.0":
  "integrity" "sha1-VAVy0096wxGfj3bDDLwbHgN6/74="
  "resolved" "http://registry.npmjs.org/is-builtin-module/-/is-builtin-module-1.0.0.tgz"
  "version" "1.0.0"
  dependencies:
    "builtin-modules" "^1.0.0"

"is-plain-obj@^1.1.0":
  "integrity" "sha1-caUMhCnfync8kqOQpKA7OfzVHT4="
  "resolved" "https://registry.npmjs.org/is-plain-obj/-/is-plain-obj-1.1.0.tgz"
  "version" "1.1.0"

"isarray@^1.0.0":
  "integrity" "sha1-u5NdSFgsuhaMBoNJV6VKPgcSTxE="
  "resolved" "https://registry.npmjs.org/isarray/-/isarray-1.0.0.tgz"
  "version" "1.0.0"

"jmespath@0.15.0":
  "integrity" "sha1-o/Iiqarp+Wb10nx5ZRDigJF2Qhc="
  "resolved" "https://registry.npmjs.org/jmespath/-/jmespath-0.15.0.tgz"
  "version" "0.15.0"

"json-parse-better-errors@^1.0.1":
  "integrity" "sha512-mrqyZKfX5EhL7hvqcV6WG1yYjnjeuYDzDhhcAAUrq8Po85NBQBJP+ZDUT75qZQ98IkUoBqdkExkukOU7Ts2wrw=="
  "resolved" "https://registry.npmjs.org/json-parse-better-errors/-/json-parse-better-errors-1.0.2.tgz"
  "version" "1.0.2"

"jsonfile@^5.0.0":
  "integrity" "sha512-NQRZ5CRo74MhMMC3/3r5g2k4fjodJ/wh8MxjFbCViWKFjxrnudWSY5vomh+23ZaXzAS7J3fBZIR2dV6WbmfM0w=="
  "resolved" "https://registry.npmjs.org/jsonfile/-/jsonfile-5.0.0.tgz"
  "version" "5.0.0"
  dependencies:
    "universalify" "^0.1.2"
  optionalDependencies:
    "graceful-fs" "^4.1.6"

"load-json-file@^4.0.0":
  "integrity" "sha1-L19Fq5HjMhYjT9U62rZo607AmTs="
  "resolved" "https://registry.npmjs.org/load-json-file/-/load-json-file-4.0.0.tgz"
  "version" "4.0.0"
  dependencies:
    "graceful-fs" "^4.1.2"
    "parse-json" "^4.0.0"
    "pify" "^3.0.0"
    "strip-bom" "^3.0.0"

"locate-path@^2.0.0":
  "integrity" "sha1-K1aLJl7slExtnA3pw9u7ygNUzY4="
  "resolved" "https://registry.npmjs.org/locate-path/-/locate-path-2.0.0.tgz"
  "version" "2.0.0"
  dependencies:
    "p-locate" "^2.0.0"
    "path-exists" "^3.0.0"

"lodash@^4.17.11":
  "integrity" "sha512-cQKh8igo5QUhZ7lg38DYWAxMvjSAKG0A8wGSVimP07SIUEK2UO+arSRKbRZWtelMtN5V0Hkwh5ryOto/SshYIg=="
  "resolved" "https://registry.npmjs.org/lodash/-/lodash-4.17.11.tgz"
  "version" "4.17.11"

"loud-rejection@^1.0.0":
  "integrity" "sha1-W0b4AUft7leIcPCG0Eghz5mOVR8="
  "resolved" "https://registry.npmjs.org/loud-rejection/-/loud-rejection-1.6.0.tgz"
  "version" "1.6.0"
  dependencies:
    "currently-unhandled" "^0.4.1"
    "signal-exit" "^3.0.0"

"make-error@^1.1.1":
  "integrity" "sha512-c3sIjNUow0+8swNwVpqoH4YCShKNFkMaw6oH1mNS2haDZQqkeZFlHS3dhoeEbKKmJB4vXpJucU6oH75aDYeE9g=="
  "resolved" "https://registry.npmjs.org/make-error/-/make-error-1.3.5.tgz"
  "version" "1.3.5"

"map-obj@^1.0.0":
  "integrity" "sha1-2TPOuSBdgr3PSIb2dCvcK03qFG0="
  "resolved" "https://registry.npmjs.org/map-obj/-/map-obj-1.0.1.tgz"
  "version" "1.0.1"

"map-obj@^2.0.0":
  "integrity" "sha1-plzSkIepJZi4eRJXpSPgISIqwfk="
  "resolved" "https://registry.npmjs.org/map-obj/-/map-obj-2.0.0.tgz"
  "version" "2.0.0"

"meow@^5.0.0":
  "integrity" "sha512-CbTqYU17ABaLefO8vCU153ZZlprKYWDljcndKKDCFcYQITzWCXZAVk4QMFZPgvzrnUQ3uItnIE/LoUOwrT15Ig=="
  "resolved" "https://registry.npmjs.org/meow/-/meow-5.0.0.tgz"
  "version" "5.0.0"
  dependencies:
    "camelcase-keys" "^4.0.0"
    "decamelize-keys" "^1.0.0"
    "loud-rejection" "^1.0.0"
    "minimist-options" "^3.0.1"
    "normalize-package-data" "^2.3.4"
    "read-pkg-up" "^3.0.0"
    "redent" "^2.0.0"
    "trim-newlines" "^2.0.0"
    "yargs-parser" "^10.0.0"

"minimist-options@^3.0.1":
  "integrity" "sha512-FyBrT/d0d4+uiZRbqznPXqw3IpZZG3gl3wKWiX784FycUKVwBt0uLBFkQrtE4tZOrgo78nZp2jnKz3L65T5LdQ=="
  "resolved" "https://registry.npmjs.org/minimist-options/-/minimist-options-3.0.2.tgz"
  "version" "3.0.2"
  dependencies:
    "arrify" "^1.0.1"
    "is-plain-obj" "^1.1.0"

"minimist@^1.2.0":
  "integrity" "sha1-o1AIsg9BOD7sH7kU9M1d95omQoQ="
  "resolved" "http://registry.npmjs.org/minimist/-/minimist-1.2.0.tgz"
  "version" "1.2.0"

"minimist@0.0.8":
  "integrity" "sha1-hX/Kv8M5fSYluCKCYuhqp6ARsF0="
  "resolved" "http://registry.npmjs.org/minimist/-/minimist-0.0.8.tgz"
  "version" "0.0.8"

"mkdirp@^0.5.1":
  "integrity" "sha1-MAV0OOrGz3+MR2fzhkjWaX11yQM="
  "resolved" "http://registry.npmjs.org/mkdirp/-/mkdirp-0.5.1.tgz"
  "version" "0.5.1"
  dependencies:
    "minimist" "0.0.8"

"moniker@^0.1.2":
  "integrity" "sha1-hy37pXXc6o+gSlE1sT1fJL7MyX4="
  "resolved" "https://registry.npmjs.org/moniker/-/moniker-0.1.2.tgz"
  "version" "0.1.2"

"normalize-package-data@^2.3.2", "normalize-package-data@^2.3.4":
  "integrity" "sha512-9jjUFbTPfEy3R/ad/2oNbKtW9Hgovl5O1FvFWKkKblNXoN/Oou6+9+KKohPK13Yc3/TyunyWhJp6gvRNR/PPAw=="
  "resolved" "https://registry.npmjs.org/normalize-package-data/-/normalize-package-data-2.4.0.tgz"
  "version" "2.4.0"
  dependencies:
    "hosted-git-info" "^2.1.4"
    "is-builtin-module" "^1.0.0"
    "semver" "2 || 3 || 4 || 5"
    "validate-npm-package-license" "^3.0.1"

"p-limit@^1.1.0":
  "integrity" "sha512-vvcXsLAJ9Dr5rQOPk7toZQZJApBl2K4J6dANSsEuh6QI41JYcsS/qhTGa9ErIUUgK3WNQoJYvylxvjqmiqEA9Q=="
  "resolved" "https://registry.npmjs.org/p-limit/-/p-limit-1.3.0.tgz"
  "version" "1.3.0"
  dependencies:
    "p-try" "^1.0.0"

"p-locate@^2.0.0":
  "integrity" "sha1-IKAQOyIqcMj9OcwuWAaA893l7EM="
  "resolved" "https://registry.npmjs.org/p-locate/-/p-locate-2.0.0.tgz"
  "version" "2.0.0"
  dependencies:
    "p-limit" "^1.1.0"

"p-try@^1.0.0":
  "integrity" "sha1-y8ec26+P1CKOE/Yh8rGiN8GyB7M="
  "resolved" "https://registry.npmjs.org/p-try/-/p-try-1.0.0.tgz"
  "version" "1.0.0"

"parse-json@^4.0.0":
  "integrity" "sha1-vjX1Qlvh9/bHRxhPmKeIy5lHfuA="
  "resolved" "https://registry.npmjs.org/parse-json/-/parse-json-4.0.0.tgz"
  "version" "4.0.0"
  dependencies:
    "error-ex" "^1.3.1"
    "json-parse-better-errors" "^1.0.1"

"path-exists@^3.0.0":
  "integrity" "sha1-zg6+ql94yxiSXqfYENe1mwEP1RU="
  "resolved" "https://registry.npmjs.org/path-exists/-/path-exists-3.0.0.tgz"
  "version" "3.0.0"

"path-type@^3.0.0":
  "integrity" "sha512-T2ZUsdZFHgA3u4e5PfPbjd7HDDpxPnQb5jN0SrDsjNSuVXHJqtwTnWqG0B1jZrgmJ/7lj1EmVIByWt1gxGkWvg=="
  "resolved" "https://registry.npmjs.org/path-type/-/path-type-3.0.0.tgz"
  "version" "3.0.0"
  dependencies:
    "pify" "^3.0.0"

"pify@^3.0.0":
  "integrity" "sha1-5aSs0sEB/fPZpNB/DbxNtJ3SgXY="
  "resolved" "https://registry.npmjs.org/pify/-/pify-3.0.0.tgz"
  "version" "3.0.0"

"punycode@1.3.2":
  "integrity" "sha1-llOgNvt8HuQjQvIyXM7v6jkmxI0="
  "resolved" "https://registry.npmjs.org/punycode/-/punycode-1.3.2.tgz"
  "version" "1.3.2"

"querystring@0.2.0":
  "integrity" "sha1-sgmEkgO7Jd+CDadW50cAWHhSFiA="
  "resolved" "https://registry.npmjs.org/querystring/-/querystring-0.2.0.tgz"
  "version" "0.2.0"

"quick-lru@^1.0.0":
  "integrity" "sha1-Q2CxfGETatOAeDl/8RQW4Ybc+7g="
  "resolved" "https://registry.npmjs.org/quick-lru/-/quick-lru-1.1.0.tgz"
  "version" "1.1.0"

"read-pkg-up@^3.0.0":
  "integrity" "sha1-PtSWaF26D4/hGNBpHcUfSh/5bwc="
  "resolved" "https://registry.npmjs.org/read-pkg-up/-/read-pkg-up-3.0.0.tgz"
  "version" "3.0.0"
  dependencies:
    "find-up" "^2.0.0"
    "read-pkg" "^3.0.0"

"read-pkg@^3.0.0":
  "integrity" "sha1-nLxoaXj+5l0WwA4rGcI3/Pbjg4k="
  "resolved" "https://registry.npmjs.org/read-pkg/-/read-pkg-3.0.0.tgz"
  "version" "3.0.0"
  dependencies:
    "load-json-file" "^4.0.0"
    "normalize-package-data" "^2.3.2"
    "path-type" "^3.0.0"

"redent@^2.0.0":
  "integrity" "sha1-wbIAe0LVfrE4kHmzyDM2OdXhzKo="
  "resolved" "https://registry.npmjs.org/redent/-/redent-2.0.0.tgz"
  "version" "2.0.0"
  dependencies:
    "indent-string" "^3.0.0"
    "strip-indent" "^2.0.0"

"sax@>=0.6.0", "sax@1.2.1":
  "integrity" "sha1-e45lYZCyKOgaZq6nSEgNgozS03o="
  "resolved" "http://registry.npmjs.org/sax/-/sax-1.2.1.tgz"
  "version" "1.2.1"

"semver@2 || 3 || 4 || 5":
  "integrity" "sha512-RS9R6R35NYgQn++fkDWaOmqGoj4Ek9gGs+DPxNUZKuwE183xjJroKvyo1IzVFeXvUrvmALy6FWD5xrdJT25gMg=="
  "resolved" "https://registry.npmjs.org/semver/-/semver-5.6.0.tgz"
  "version" "5.6.0"

"signal-exit@^3.0.0":
  "integrity" "sha1-tf3AjxKH6hF4Yo5BXiUTK3NkbG0="
  "resolved" "https://registry.npmjs.org/signal-exit/-/signal-exit-3.0.2.tgz"
  "version" "3.0.2"

"source-map-support@^0.5.6":
  "integrity" "sha512-gR6Rw4MvUlYy83vP0vxoVNzM6t8MUXqNuRsuBmBHQDu1Fh6X015FrLdgoDKcNdkwGubozq0P4N0Q37UyFVr1EA=="
  "resolved" "https://registry.npmjs.org/source-map-support/-/source-map-support-0.5.9.tgz"
  "version" "0.5.9"
  dependencies:
    "buffer-from" "^1.0.0"
    "source-map" "^0.6.0"

"source-map@^0.6.0":
  "integrity" "sha512-UjgapumWlbMhkBgzT7Ykc5YXUT46F0iKu8SGXq0bcwP5dz/h0Plj6enJqjz1Zbq2l5WaqYnrVbwWOWMyF3F47g=="
  "resolved" "https://registry.npmjs.org/source-map/-/source-map-0.6.1.tgz"
  "version" "0.6.1"

"spdx-correct@^3.0.0":
  "integrity" "sha512-q9hedtzyXHr5S0A1vEPoK/7l8NpfkFYTq6iCY+Pno2ZbdZR6WexZFtqeVGkGxW3TEJMN914Z55EnAGMmenlIQQ=="
  "resolved" "https://registry.npmjs.org/spdx-correct/-/spdx-correct-3.0.2.tgz"
  "version" "3.0.2"
  dependencies:
    "spdx-expression-parse" "^3.0.0"
    "spdx-license-ids" "^3.0.0"

"spdx-exceptions@^2.1.0":
  "integrity" "sha512-2XQACfElKi9SlVb1CYadKDXvoajPgBVPn/gOQLrTvHdElaVhr7ZEbqJaRnJLVNeaI4cMEAgVCeBMKF6MWRDCRA=="
  "resolved" "https://registry.npmjs.org/spdx-exceptions/-/spdx-exceptions-2.2.0.tgz"
  "version" "2.2.0"

"spdx-expression-parse@^3.0.0":
  "integrity" "sha512-Yg6D3XpRD4kkOmTpdgbUiEJFKghJH03fiC1OPll5h/0sO6neh2jqRDVHOQ4o/LMea0tgCkbMgea5ip/e+MkWyg=="
  "resolved" "https://registry.npmjs.org/spdx-expression-parse/-/spdx-expression-parse-3.0.0.tgz"
  "version" "3.0.0"
  dependencies:
    "spdx-exceptions" "^2.1.0"
    "spdx-license-ids" "^3.0.0"

"spdx-license-ids@^3.0.0":
  "integrity" "sha512-qky9CVt0lVIECkEsYbNILVnPvycuEBkXoMFLRWsREkomQLevYhtRKC+R91a5TOAQ3bCMjikRwhyaRqj1VYatYg=="
  "resolved" "https://registry.npmjs.org/spdx-license-ids/-/spdx-license-ids-3.0.2.tgz"
  "version" "3.0.2"

"strip-bom@^3.0.0":
  "integrity" "sha1-IzTBjpx1n3vdVv3vfprj1YjmjtM="
  "resolved" "https://registry.npmjs.org/strip-bom/-/strip-bom-3.0.0.tgz"
  "version" "3.0.0"

"strip-indent@^2.0.0":
  "integrity" "sha1-XvjbKV0B5u1sv3qrlpmNeCJSe2g="
  "resolved" "https://registry.npmjs.org/strip-indent/-/strip-indent-2.0.0.tgz"
  "version" "2.0.0"

"trim-newlines@^2.0.0":
  "integrity" "sha1-tAPQuRvlDDMd/EuC7s6yLD3hbSA="
  "resolved" "https://registry.npmjs.org/trim-newlines/-/trim-newlines-2.0.0.tgz"
  "version" "2.0.0"

"ts-node@^7.0.1":
  "integrity" "sha512-BVwVbPJRspzNh2yfslyT1PSbl5uIk03EZlb493RKHN4qej/D06n1cEhjlOJG69oFsE7OT8XjpTUcYf6pKTLMhw=="
  "resolved" "https://registry.npmjs.org/ts-node/-/ts-node-7.0.1.tgz"
  "version" "7.0.1"
  dependencies:
    "arrify" "^1.0.0"
    "buffer-from" "^1.1.0"
    "diff" "^3.1.0"
    "make-error" "^1.1.1"
    "minimist" "^1.2.0"
    "mkdirp" "^0.5.1"
    "source-map-support" "^0.5.6"
    "yn" "^2.0.0"

"typescript@^4.8.3":
  "integrity" "sha512-goMHfm00nWPa8UvR/CPSvykqf6dVV8x/dp0c5mFTMTIu0u0FlGWRioyy7Nn0PGAdHxpJZnuO/ut+PpQ8UiHAig=="
  "resolved" "https://registry.npmjs.org/typescript/-/typescript-4.8.3.tgz"
  "version" "4.8.3"

"universalify@^0.1.2":
  "integrity" "sha512-rBJeI5CXAlmy1pV+617WB9J63U6XcazHHF2f2dbJix4XzpUF0RS3Zbj0FGIOCAva5P/d/GBOYaACQ1w+0azUkg=="
  "resolved" "https://registry.npmjs.org/universalify/-/universalify-0.1.2.tgz"
  "version" "0.1.2"

"url@0.10.3":
  "integrity" "sha1-Ah5NnHcF8hu/N9A861h2dAJ3TGQ="
  "resolved" "https://registry.npmjs.org/url/-/url-0.10.3.tgz"
  "version" "0.10.3"
  dependencies:
    "punycode" "1.3.2"
    "querystring" "0.2.0"

"uuid@3.1.0":
  "integrity" "sha512-DIWtzUkw04M4k3bf1IcpS2tngXEL26YUD2M0tMDUpnUrz2hgzUBlD55a4FjdLGPvfHxS6uluGWvaVEqgBcVa+g=="
  "resolved" "https://registry.npmjs.org/uuid/-/uuid-3.1.0.tgz"
  "version" "3.1.0"

"validate-npm-package-license@^3.0.1":
  "integrity" "sha512-DpKm2Ui/xN7/HQKCtpZxoRWBhZ9Z0kqtygG8XCgNQ8ZlDnxuQmWhj566j8fN4Cu3/JmbhsDo7fcAJq4s9h27Ew=="
  "resolved" "https://registry.npmjs.org/validate-npm-package-license/-/validate-npm-package-license-3.0.4.tgz"
  "version" "3.0.4"
  dependencies:
    "spdx-correct" "^3.0.0"
    "spdx-expression-parse" "^3.0.0"

"xml2js@0.4.19":
  "integrity" "sha512-esZnJZJOiJR9wWKMyuvSE1y6Dq5LCuJanqhxslH2bxM6duahNZ+HMpCLhBQGZkbX6xRf8x1Y2eJlgt2q3qo49Q=="
  "resolved" "https://registry.npmjs.org/xml2js/-/xml2js-0.4.19.tgz"
  "version" "0.4.19"
  dependencies:
    "sax" ">=0.6.0"
    "xmlbuilder" "~9.0.1"

"xmlbuilder@~9.0.1":
  "integrity" "sha1-Ey7mPS7FVlxVfiD0wi35rKaGsQ0="
  "resolved" "http://registry.npmjs.org/xmlbuilder/-/xmlbuilder-9.0.7.tgz"
  "version" "9.0.7"

"yargs-parser@^10.0.0":
  "integrity" "sha512-VCIyR1wJoEBZUqk5PA+oOBF6ypbwh5aNB3I50guxAL/quggdfs4TtNHQrSazFA3fYZ+tEqfs0zIGlv0c/rgjbQ=="
  "resolved" "https://registry.npmjs.org/yargs-parser/-/yargs-parser-10.1.0.tgz"
  "version" "10.1.0"
  dependencies:
    "camelcase" "^4.1.0"

"yn@^2.0.0":
  "integrity" "sha1-5a2ryKz0CPY4X8dklWhMiOavaJo="
  "resolved" "https://registry.npmjs.org/yn/-/yn-2.0.0.tgz"
  "version" "2.0.0"
